
Microsoft Visual Studio Solution File, Format Version 12.00
# Visual Studio Version 16
VisualStudioVersion = 16.0.30804.86
MinimumVisualStudioVersion = 10.0.40219.1
Project("{FAE04EC0-301F-11D3-BF4B-00C04F79EFBC}") = "CinemaBill", "CinemaBill\CinemaBill.csproj", "{263E6779-73DC-428D-9149-7DB072672E23}"
EndProject
Global
	GlobalSection(SolutionConfigurationPlatforms) = preSolution
		Debug|Any CPU = Debug|Any CPU
		Release|Any CPU = Release|Any CPU
	EndGlobalSection
	GlobalSection(ProjectConfigurationPlatforms) = postSolution
		{263E6779-73DC-428D-9149-7DB072672E23}.Debug|Any CPU.ActiveCfg = Debug|Any CPU
		{263E6779-73DC-428D-9149-7DB072672E23}.Debug|Any CPU.Build.0 = Debug|Any CPU
		{263E6779-73DC-428D-9149-7DB072672E23}.Release|Any CPU.ActiveCfg = Release|Any CPU
		{263E6779-73DC-428D-9149-7DB072672E23}.Release|Any CPU.Build.0 = Release|Any CPU
	EndGlobalSection
	GlobalSection(SolutionProperties) = preSolution
		HideSolutionNode = FALSE
	EndGlobalSection
	GlobalSection(ExtensibilityGlobals) = postSolution
		SolutionGuid = {6A64E43F-4BA2-406A-A4B1-8DC305E8E8D2}
	EndGlobalSection
EndGlobal
